
Microsoft Visual Studio Solution File, Format Version 12.00
# Visual Studio 15
VisualStudioVersion = 15.0.28307.421
MinimumVisualStudioVersion = 10.0.40219.1
Project("{FAE04EC0-301F-11D3-BF4B-00C04F79EFBC}") = "F901  PJ", "F901  PJ\F901  PJ.csproj", "{6FD8075A-97F2-4BD2-AD49-5EDF1D1CA363}"
EndProject
Global
	GlobalSection(SolutionConfigurationPlatforms) = preSolution
		Debug|Any CPU = Debug|Any CPU
		Release|Any CPU = Release|Any CPU
	EndGlobalSection
	GlobalSection(ProjectConfigurationPlatforms) = postSolution
		{6FD8075A-97F2-4BD2-AD49-5EDF1D1CA363}.Debug|Any CPU.ActiveCfg = Debug|Any CPU
		{6FD8075A-97F2-4BD2-AD49-5EDF1D1CA363}.Debug|Any CPU.Build.0 = Debug|Any CPU
		{6FD8075A-97F2-4BD2-AD49-5EDF1D1CA363}.Release|Any CPU.ActiveCfg = Release|Any CPU
		{6FD8075A-97F2-4BD2-AD49-5EDF1D1CA363}.Release|Any CPU.Build.0 = Release|Any CPU
	EndGlobalSection
	GlobalSection(SolutionProperties) = preSolution
		HideSolutionNode = FALSE
	EndGlobalSection
	GlobalSection(ExtensibilityGlobals) = postSolution
		SolutionGuid = {85F6D216-078B-402E-91FC-EC9FDE0AB217}
	EndGlobalSection
EndGlobal
